
Microsoft Visual Studio Solution File, Format Version 12.00
Project("{FAE04EC0-301F-11D3-BF4B-00C04F79EFBC}") = "Vakor.8-puzzle.Lib", "Vakor.8-puzzle.Lib\Vakor.8-puzzle.Lib.csproj", "{4BAA0B3A-31B1-459B-A9AA-6CE1E799E41B}"
EndProject
Project("{FAE04EC0-301F-11D3-BF4B-00C04F79EFBC}") = "ConsoleApp1", "ConsoleApp1\ConsoleApp1.csproj", "{F1A8E33A-0830-4D17-8125-8B7797E5D4CB}"
EndProject
Project("{FAE04EC0-301F-11D3-BF4B-00C04F79EFBC}") = "Vakor.8-puzzle.Tests", "Vakor.8-puzzle.Tests\Vakor.8-puzzle.Tests.csproj", "{3CEA8806-1E2C-448B-BD36-06A5F5922770}"
EndProject
Global
	GlobalSection(SolutionConfigurationPlatforms) = preSolution
		Debug|Any CPU = Debug|Any CPU
		Release|Any CPU = Release|Any CPU
	EndGlobalSection
	GlobalSection(ProjectConfigurationPlatforms) = postSolution
		{4BAA0B3A-31B1-459B-A9AA-6CE1E799E41B}.Debug|Any CPU.ActiveCfg = Debug|Any CPU
		{4BAA0B3A-31B1-459B-A9AA-6CE1E799E41B}.Debug|Any CPU.Build.0 = Debug|Any CPU
		{4BAA0B3A-31B1-459B-A9AA-6CE1E799E41B}.Release|Any CPU.ActiveCfg = Release|Any CPU
		{4BAA0B3A-31B1-459B-A9AA-6CE1E799E41B}.Release|Any CPU.Build.0 = Release|Any CPU
		{F1A8E33A-0830-4D17-8125-8B7797E5D4CB}.Debug|Any CPU.ActiveCfg = Debug|Any CPU
		{F1A8E33A-0830-4D17-8125-8B7797E5D4CB}.Debug|Any CPU.Build.0 = Debug|Any CPU
		{F1A8E33A-0830-4D17-8125-8B7797E5D4CB}.Release|Any CPU.ActiveCfg = Release|Any CPU
		{F1A8E33A-0830-4D17-8125-8B7797E5D4CB}.Release|Any CPU.Build.0 = Release|Any CPU
		{3CEA8806-1E2C-448B-BD36-06A5F5922770}.Debug|Any CPU.ActiveCfg = Debug|Any CPU
		{3CEA8806-1E2C-448B-BD36-06A5F5922770}.Debug|Any CPU.Build.0 = Debug|Any CPU
		{3CEA8806-1E2C-448B-BD36-06A5F5922770}.Release|Any CPU.ActiveCfg = Release|Any CPU
		{3CEA8806-1E2C-448B-BD36-06A5F5922770}.Release|Any CPU.Build.0 = Release|Any CPU
	EndGlobalSection
EndGlobal
